
Microsoft Visual Studio Solution File, Format Version 12.00
# Visual Studio Version 16
VisualStudioVersion = 16.0.29230.47
MinimumVisualStudioVersion = 10.0.40219.1
Project("{2150E333-8FDC-42A3-9474-1A3956D46DE8}") = "Application", "Application", "{F0B44989-BF14-41A4-83E8-95BC99504412}"
EndProject
Project("{2150E333-8FDC-42A3-9474-1A3956D46DE8}") = "Gereral", "Gereral", "{DB155184-ECA0-4D07-93BF-4AEDD2D90A88}"
EndProject
Project("{FAE04EC0-301F-11D3-BF4B-00C04F79EFBC}") = "HeBianGu.App.Demo.ImageCore", "..\..\Source\Application\HeBianGu.App.Demo.ImageCore\HeBianGu.App.Demo.ImageCore.csproj", "{43C77071-A939-4C83-BE54-84DD1B7F3002}"
EndProject
Project("{FAE04EC0-301F-11D3-BF4B-00C04F79EFBC}") = "HeBianGu.General.ImageCore", "..\..\Source\General\HeBianGu.General.ImageCore\HeBianGu.General.ImageCore.csproj", "{135BE864-21A3-4CF4-B784-B950783C4B5C}"
EndProject
Global
	GlobalSection(SolutionConfigurationPlatforms) = preSolution
		Debug|Any CPU = Debug|Any CPU
		Release|Any CPU = Release|Any CPU
	EndGlobalSection
	GlobalSection(ProjectConfigurationPlatforms) = postSolution
		{43C77071-A939-4C83-BE54-84DD1B7F3002}.Debug|Any CPU.ActiveCfg = Debug|Any CPU
		{43C77071-A939-4C83-BE54-84DD1B7F3002}.Debug|Any CPU.Build.0 = Debug|Any CPU
		{43C77071-A939-4C83-BE54-84DD1B7F3002}.Release|Any CPU.ActiveCfg = Release|Any CPU
		{43C77071-A939-4C83-BE54-84DD1B7F3002}.Release|Any CPU.Build.0 = Release|Any CPU
		{135BE864-21A3-4CF4-B784-B950783C4B5C}.Debug|Any CPU.ActiveCfg = Debug|Any CPU
		{135BE864-21A3-4CF4-B784-B950783C4B5C}.Debug|Any CPU.Build.0 = Debug|Any CPU
		{135BE864-21A3-4CF4-B784-B950783C4B5C}.Release|Any CPU.ActiveCfg = Release|Any CPU
		{135BE864-21A3-4CF4-B784-B950783C4B5C}.Release|Any CPU.Build.0 = Release|Any CPU
	EndGlobalSection
	GlobalSection(SolutionProperties) = preSolution
		HideSolutionNode = FALSE
	EndGlobalSection
	GlobalSection(NestedProjects) = preSolution
		{43C77071-A939-4C83-BE54-84DD1B7F3002} = {F0B44989-BF14-41A4-83E8-95BC99504412}
		{135BE864-21A3-4CF4-B784-B950783C4B5C} = {DB155184-ECA0-4D07-93BF-4AEDD2D90A88}
	EndGlobalSection
	GlobalSection(ExtensibilityGlobals) = postSolution
		SolutionGuid = {5EF2E071-0F99-4784-A498-CEC7A6A02A3B}
	EndGlobalSection
EndGlobal
